// !$*UTF8*$!
{
	archiveVersion = 1;
	classes = {
	};
	objectVersion = 56;
	objects = {

/* Begin PBXBuildFile section */
		1629806A2C0EBCDE004FB450 /* MainView.swift in Sources */ = {isa = PBXBuildFile; fileRef = 162980692C0EBCDE004FB450 /* MainView.swift */; };
		1629806D2C0EBD17004FB450 /* BudgetView.swift in Sources */ = {isa = PBXBuildFile; fileRef = 1629806C2C0EBD17004FB450 /* BudgetView.swift */; };
		1629806F2C0EBD36004FB450 /* BudgetTripListView.swift in Sources */ = {isa = PBXBuildFile; fileRef = 1629806E2C0EBD36004FB450 /* BudgetTripListView.swift */; };
		162980722C0EBD73004FB450 /* CreateTripView.swift in Sources */ = {isa = PBXBuildFile; fileRef = 162980712C0EBD73004FB450 /* CreateTripView.swift */; };
		162980742C0EBD88004FB450 /* TripsView.swift in Sources */ = {isa = PBXBuildFile; fileRef = 162980732C0EBD88004FB450 /* TripsView.swift */; };
		162980762C0EBD94004FB450 /* TripCard.swift in Sources */ = {isa = PBXBuildFile; fileRef = 162980752C0EBD94004FB450 /* TripCard.swift */; };
		162980782C0EBDA8004FB450 /* TripInformationFormView.swift in Sources */ = {isa = PBXBuildFile; fileRef = 162980772C0EBDA8004FB450 /* TripInformationFormView.swift */; };
		1629807A2C0EBDCB004FB450 /* CustomTextField.swift in Sources */ = {isa = PBXBuildFile; fileRef = 162980792C0EBDCB004FB450 /* CustomTextField.swift */; };
		1629807C2C0EBDE2004FB450 /* ImageUploadView.swift in Sources */ = {isa = PBXBuildFile; fileRef = 1629807B2C0EBDE2004FB450 /* ImageUploadView.swift */; };
		1629807E2C0EBDF2004FB450 /* Trip.swift in Sources */ = {isa = PBXBuildFile; fileRef = 1629807D2C0EBDF2004FB450 /* Trip.swift */; };
		162980802C0EBE0C004FB450 /* SplashScreenView.swift in Sources */ = {isa = PBXBuildFile; fileRef = 1629807F2C0EBE0C004FB450 /* SplashScreenView.swift */; };
		162980822C0EBE1D004FB450 /* AddNewTripButton.swift in Sources */ = {isa = PBXBuildFile; fileRef = 162980812C0EBE1D004FB450 /* AddNewTripButton.swift */; };
		162980842C0EBE2B004FB450 /* CustomColor.swift in Sources */ = {isa = PBXBuildFile; fileRef = 162980832C0EBE2B004FB450 /* CustomColor.swift */; };
		162980872C0EBE63004FB450 /* CheckListView.swift in Sources */ = {isa = PBXBuildFile; fileRef = 162980862C0EBE63004FB450 /* CheckListView.swift */; };
		162980892C0EBE77004FB450 /* AddCheckListView.swift in Sources */ = {isa = PBXBuildFile; fileRef = 162980882C0EBE77004FB450 /* AddCheckListView.swift */; };
		1632654A2C0F84A900830320 /* OnBoardingView.swift in Sources */ = {isa = PBXBuildFile; fileRef = 163265492C0F84A900830320 /* OnBoardingView.swift */; };
		1632654C2C0F84E100830320 /* PageModel.swift in Sources */ = {isa = PBXBuildFile; fileRef = 1632654B2C0F84E100830320 /* PageModel.swift */; };
		1632654E2C0F84F800830320 /* PageView.swift in Sources */ = {isa = PBXBuildFile; fileRef = 1632654D2C0F84F800830320 /* PageView.swift */; };
		163265502C10079000830320 /* TripDetailView.swift in Sources */ = {isa = PBXBuildFile; fileRef = 1632654F2C10079000830320 /* TripDetailView.swift */; };
		163265522C1008FB00830320 /* PlaceHolderModifier.swift in Sources */ = {isa = PBXBuildFile; fileRef = 163265512C1008FB00830320 /* PlaceHolderModifier.swift */; };
		163265582C103B8700830320 /* Something.swift in Sources */ = {isa = PBXBuildFile; fileRef = 163265572C103B8700830320 /* Something.swift */; };
		E00EF9112BF6816A00BB26EF /* Budget_Voyage.swift in Sources */ = {isa = PBXBuildFile; fileRef = E00EF9102BF6816A00BB26EF /* Budget_Voyage.swift */; };
		E00EF9152BF6816B00BB26EF /* Assets.xcassets in Resources */ = {isa = PBXBuildFile; fileRef = E00EF9142BF6816B00BB26EF /* Assets.xcassets */; };
		E00EF9182BF6816B00BB26EF /* Preview Assets.xcassets in Resources */ = {isa = PBXBuildFile; fileRef = E00EF9172BF6816B00BB26EF /* Preview Assets.xcassets */; };
/* End PBXBuildFile section */

/* Begin PBXFileReference section */
		162980692C0EBCDE004FB450 /* MainView.swift */ = {isa = PBXFileReference; lastKnownFileType = sourcecode.swift; path = MainView.swift; sourceTree = "<group>"; };
		1629806C2C0EBD17004FB450 /* BudgetView.swift */ = {isa = PBXFileReference; lastKnownFileType = sourcecode.swift; path = BudgetView.swift; sourceTree = "<group>"; };
		1629806E2C0EBD36004FB450 /* BudgetTripListView.swift */ = {isa = PBXFileReference; lastKnownFileType = sourcecode.swift; path = BudgetTripListView.swift; sourceTree = "<group>"; };
		162980712C0EBD73004FB450 /* CreateTripView.swift */ = {isa = PBXFileReference; lastKnownFileType = sourcecode.swift; path = CreateTripView.swift; sourceTree = "<group>"; };
		162980732C0EBD88004FB450 /* TripsView.swift */ = {isa = PBXFileReference; lastKnownFileType = sourcecode.swift; path = TripsView.swift; sourceTree = "<group>"; };
		162980752C0EBD94004FB450 /* TripCard.swift */ = {isa = PBXFileReference; lastKnownFileType = sourcecode.swift; path = TripCard.swift; sourceTree = "<group>"; };
		162980772C0EBDA8004FB450 /* TripInformationFormView.swift */ = {isa = PBXFileReference; lastKnownFileType = sourcecode.swift; path = TripInformationFormView.swift; sourceTree = "<group>"; };
		162980792C0EBDCB004FB450 /* CustomTextField.swift */ = {isa = PBXFileReference; lastKnownFileType = sourcecode.swift; path = CustomTextField.swift; sourceTree = "<group>"; };
		1629807B2C0EBDE2004FB450 /* ImageUploadView.swift */ = {isa = PBXFileReference; lastKnownFileType = sourcecode.swift; path = ImageUploadView.swift; sourceTree = "<group>"; };
		1629807D2C0EBDF2004FB450 /* Trip.swift */ = {isa = PBXFileReference; lastKnownFileType = sourcecode.swift; path = Trip.swift; sourceTree = "<group>"; };
		1629807F2C0EBE0C004FB450 /* SplashScreenView.swift */ = {isa = PBXFileReference; lastKnownFileType = sourcecode.swift; path = SplashScreenView.swift; sourceTree = "<group>"; };
		162980812C0EBE1D004FB450 /* AddNewTripButton.swift */ = {isa = PBXFileReference; lastKnownFileType = sourcecode.swift; path = AddNewTripButton.swift; sourceTree = "<group>"; };
		162980832C0EBE2B004FB450 /* CustomColor.swift */ = {isa = PBXFileReference; lastKnownFileType = sourcecode.swift; path = CustomColor.swift; sourceTree = "<group>"; };
		162980862C0EBE63004FB450 /* CheckListView.swift */ = {isa = PBXFileReference; lastKnownFileType = sourcecode.swift; path = CheckListView.swift; sourceTree = "<group>"; };
		162980882C0EBE77004FB450 /* AddCheckListView.swift */ = {isa = PBXFileReference; lastKnownFileType = sourcecode.swift; path = AddCheckListView.swift; sourceTree = "<group>"; };
		163265492C0F84A900830320 /* OnBoardingView.swift */ = {isa = PBXFileReference; lastKnownFileType = sourcecode.swift; path = OnBoardingView.swift; sourceTree = "<group>"; };
		1632654B2C0F84E100830320 /* PageModel.swift */ = {isa = PBXFileReference; lastKnownFileType = sourcecode.swift; path = PageModel.swift; sourceTree = "<group>"; };
		1632654D2C0F84F800830320 /* PageView.swift */ = {isa = PBXFileReference; lastKnownFileType = sourcecode.swift; path = PageView.swift; sourceTree = "<group>"; };
		1632654F2C10079000830320 /* TripDetailView.swift */ = {isa = PBXFileReference; lastKnownFileType = sourcecode.swift; path = TripDetailView.swift; sourceTree = "<group>"; };
		163265512C1008FB00830320 /* PlaceHolderModifier.swift */ = {isa = PBXFileReference; lastKnownFileType = sourcecode.swift; path = PlaceHolderModifier.swift; sourceTree = "<group>"; };
		163265572C103B8700830320 /* Something.swift */ = {isa = PBXFileReference; lastKnownFileType = sourcecode.swift; path = Something.swift; sourceTree = "<group>"; };
		E00EF90D2BF6816A00BB26EF /* Budget-Voyage.app */ = {isa = PBXFileReference; explicitFileType = wrapper.application; includeInIndex = 0; path = "Budget-Voyage.app"; sourceTree = BUILT_PRODUCTS_DIR; };
		E00EF9102BF6816A00BB26EF /* Budget_Voyage.swift */ = {isa = PBXFileReference; lastKnownFileType = sourcecode.swift; path = Budget_Voyage.swift; sourceTree = "<group>"; };
		E00EF9142BF6816B00BB26EF /* Assets.xcassets */ = {isa = PBXFileReference; lastKnownFileType = folder.assetcatalog; path = Assets.xcassets; sourceTree = "<group>"; };
		E00EF9172BF6816B00BB26EF /* Preview Assets.xcassets */ = {isa = PBXFileReference; lastKnownFileType = folder.assetcatalog; path = "Preview Assets.xcassets"; sourceTree = "<group>"; };
/* End PBXFileReference section */

/* Begin PBXFrameworksBuildPhase section */
		E00EF90A2BF6816A00BB26EF /* Frameworks */ = {
			isa = PBXFrameworksBuildPhase;
			buildActionMask = 2147483647;
			files = (
			);
			runOnlyForDeploymentPostprocessing = 0;
		};
/* End PBXFrameworksBuildPhase section */

/* Begin PBXGroup section */
		1629806B2C0EBCF9004FB450 /* Budget */ = {
			isa = PBXGroup;
			children = (
				1629806C2C0EBD17004FB450 /* BudgetView.swift */,
				1629806E2C0EBD36004FB450 /* BudgetTripListView.swift */,
			);
			path = Budget;
			sourceTree = "<group>";
		};
		162980702C0EBD51004FB450 /* Trip Creation */ = {
			isa = PBXGroup;
			children = (
				162980712C0EBD73004FB450 /* CreateTripView.swift */,
				163265512C1008FB00830320 /* PlaceHolderModifier.swift */,
				162980732C0EBD88004FB450 /* TripsView.swift */,
				162980752C0EBD94004FB450 /* TripCard.swift */,
				162980772C0EBDA8004FB450 /* TripInformationFormView.swift */,
				1632654F2C10079000830320 /* TripDetailView.swift */,
			);
			path = "Trip Creation";
			sourceTree = "<group>";
		};
		162980852C0EBE3D004FB450 /* TravelCheckList */ = {
			isa = PBXGroup;
			children = (
				162980862C0EBE63004FB450 /* CheckListView.swift */,
				162980882C0EBE77004FB450 /* AddCheckListView.swift */,
			);
			path = TravelCheckList;
			sourceTree = "<group>";
		};
		163265482C0F843400830320 /* OnBoarding Screens Min */ = {
			isa = PBXGroup;
			children = (
				163265492C0F84A900830320 /* OnBoardingView.swift */,
				1632654B2C0F84E100830320 /* PageModel.swift */,
				1632654D2C0F84F800830320 /* PageView.swift */,
			);
			path = "OnBoarding Screens Min";
			sourceTree = "<group>";
		};
		E00EF9042BF6816A00BB26EF = {
			isa = PBXGroup;
			children = (
				163265482C0F843400830320 /* OnBoarding Screens Min */,
				162980792C0EBDCB004FB450 /* CustomTextField.swift */,
				1629807B2C0EBDE2004FB450 /* ImageUploadView.swift */,
				163265572C103B8700830320 /* Something.swift */,
				1629807D2C0EBDF2004FB450 /* Trip.swift */,
				1629807F2C0EBE0C004FB450 /* SplashScreenView.swift */,
				162980812C0EBE1D004FB450 /* AddNewTripButton.swift */,
				162980832C0EBE2B004FB450 /* CustomColor.swift */,
				1629806B2C0EBCF9004FB450 /* Budget */,
				162980692C0EBCDE004FB450 /* MainView.swift */,
				E00EF90F2BF6816A00BB26EF /* Budget-Voyage */,
				E00EF90E2BF6816A00BB26EF /* Products */,
			);
			sourceTree = "<group>";
		};
		E00EF90E2BF6816A00BB26EF /* Products */ = {
			isa = PBXGroup;
			children = (
				E00EF90D2BF6816A00BB26EF /* Budget-Voyage.app */,
			);
			name = Products;
			sourceTree = "<group>";
		};
		E00EF90F2BF6816A00BB26EF /* Budget-Voyage */ = {
			isa = PBXGroup;
			children = (
				E00EF9102BF6816A00BB26EF /* Budget_Voyage.swift */,
				162980702C0EBD51004FB450 /* Trip Creation */,
				162980852C0EBE3D004FB450 /* TravelCheckList */,
				E00EF9142BF6816B00BB26EF /* Assets.xcassets */,
				E00EF9162BF6816B00BB26EF /* Preview Content */,
			);
			path = "Budget-Voyage";
			sourceTree = "<group>";
		};
		E00EF9162BF6816B00BB26EF /* Preview Content */ = {
			isa = PBXGroup;
			children = (
				E00EF9172BF6816B00BB26EF /* Preview Assets.xcassets */,
			);
			path = "Preview Content";
			sourceTree = "<group>";
		};
/* End PBXGroup section */

/* Begin PBXNativeTarget section */
		E00EF90C2BF6816A00BB26EF /* Budget-Voyage */ = {
			isa = PBXNativeTarget;
			buildConfigurationList = E00EF91B2BF6816B00BB26EF /* Build configuration list for PBXNativeTarget "Budget-Voyage" */;
			buildPhases = (
				E00EF9092BF6816A00BB26EF /* Sources */,
				E00EF90A2BF6816A00BB26EF /* Frameworks */,
				E00EF90B2BF6816A00BB26EF /* Resources */,
			);
			buildRules = (
			);
			dependencies = (
			);
			name = "Budget-Voyage";
			productName = "Budget-Voyage";
			productReference = E00EF90D2BF6816A00BB26EF /* Budget-Voyage.app */;
			productType = "com.apple.product-type.application";
		};
/* End PBXNativeTarget section */

/* Begin PBXProject section */
		E00EF9052BF6816A00BB26EF /* Project object */ = {
			isa = PBXProject;
			attributes = {
				BuildIndependentTargetsInParallel = 1;
				LastSwiftUpdateCheck = 1530;
				LastUpgradeCheck = 1530;
				TargetAttributes = {
					E00EF90C2BF6816A00BB26EF = {
						CreatedOnToolsVersion = 15.3;
					};
				};
			};
			buildConfigurationList = E00EF9082BF6816A00BB26EF /* Build configuration list for PBXProject "Budget-Voyage" */;
			compatibilityVersion = "Xcode 14.0";
			developmentRegion = en;
			hasScannedForEncodings = 0;
			knownRegions = (
				en,
				Base,
			);
			mainGroup = E00EF9042BF6816A00BB26EF;
			productRefGroup = E00EF90E2BF6816A00BB26EF /* Products */;
			projectDirPath = "";
			projectRoot = "";
			targets = (
				E00EF90C2BF6816A00BB26EF /* Budget-Voyage */,
			);
		};
/* End PBXProject section */

/* Begin PBXResourcesBuildPhase section */
		E00EF90B2BF6816A00BB26EF /* Resources */ = {
			isa = PBXResourcesBuildPhase;
			buildActionMask = 2147483647;
			files = (
				E00EF9182BF6816B00BB26EF /* Preview Assets.xcassets in Resources */,
				E00EF9152BF6816B00BB26EF /* Assets.xcassets in Resources */,
			);
			runOnlyForDeploymentPostprocessing = 0;
		};
/* End PBXResourcesBuildPhase section */

/* Begin PBXSourcesBuildPhase section */
		E00EF9092BF6816A00BB26EF /* Sources */ = {
			isa = PBXSourcesBuildPhase;
			buildActionMask = 2147483647;
			files = (
				163265502C10079000830320 /* TripDetailView.swift in Sources */,
				1629807E2C0EBDF2004FB450 /* Trip.swift in Sources */,
				1629806F2C0EBD36004FB450 /* BudgetTripListView.swift in Sources */,
				E00EF9112BF6816A00BB26EF /* Budget_Voyage.swift in Sources */,
				1629806D2C0EBD17004FB450 /* BudgetView.swift in Sources */,
				1632654C2C0F84E100830320 /* PageModel.swift in Sources */,
				162980742C0EBD88004FB450 /* TripsView.swift in Sources */,
				162980782C0EBDA8004FB450 /* TripInformationFormView.swift in Sources */,
				163265582C103B8700830320 /* Something.swift in Sources */,
				1632654E2C0F84F800830320 /* PageView.swift in Sources */,
				1629806A2C0EBCDE004FB450 /* MainView.swift in Sources */,
				162980762C0EBD94004FB450 /* TripCard.swift in Sources */,
				162980872C0EBE63004FB450 /* CheckListView.swift in Sources */,
				1632654A2C0F84A900830320 /* OnBoardingView.swift in Sources */,
				162980842C0EBE2B004FB450 /* CustomColor.swift in Sources */,
				162980722C0EBD73004FB450 /* CreateTripView.swift in Sources */,
				1629807A2C0EBDCB004FB450 /* CustomTextField.swift in Sources */,
				1629807C2C0EBDE2004FB450 /* ImageUploadView.swift in Sources */,
				162980822C0EBE1D004FB450 /* AddNewTripButton.swift in Sources */,
				162980802C0EBE0C004FB450 /* SplashScreenView.swift in Sources */,
				162980892C0EBE77004FB450 /* AddCheckListView.swift in Sources */,
				163265522C1008FB00830320 /* PlaceHolderModifier.swift in Sources */,
			);
			runOnlyForDeploymentPostprocessing = 0;
		};
/* End PBXSourcesBuildPhase section */

/* Begin XCBuildConfiguration section */
		E00EF9192BF6816B00BB26EF /* Debug */ = {
			isa = XCBuildConfiguration;
			buildSettings = {
				ALWAYS_SEARCH_USER_PATHS = NO;
				ASSETCATALOG_COMPILER_GENERATE_SWIFT_ASSET_SYMBOL_EXTENSIONS = YES;
				CLANG_ANALYZER_NONNULL = YES;
				CLANG_ANALYZER_NUMBER_OBJECT_CONVERSION = YES_AGGRESSIVE;
				CLANG_CXX_LANGUAGE_STANDARD = "gnu++20";
				CLANG_ENABLE_MODULES = YES;
				CLANG_ENABLE_OBJC_ARC = YES;
				CLANG_ENABLE_OBJC_WEAK = YES;
				CLANG_WARN_BLOCK_CAPTURE_AUTORELEASING = YES;
				CLANG_WARN_BOOL_CONVERSION = YES;
				CLANG_WARN_COMMA = YES;
				CLANG_WARN_CONSTANT_CONVERSION = YES;
				CLANG_WARN_DEPRECATED_OBJC_IMPLEMENTATIONS = YES;
				CLANG_WARN_DIRECT_OBJC_ISA_USAGE = YES_ERROR;
				CLANG_WARN_DOCUMENTATION_COMMENTS = YES;
				CLANG_WARN_EMPTY_BODY = YES;
				CLANG_WARN_ENUM_CONVERSION = YES;
				CLANG_WARN_INFINITE_RECURSION = YES;
				CLANG_WARN_INT_CONVERSION = YES;
				CLANG_WARN_NON_LITERAL_NULL_CONVERSION = YES;
				CLANG_WARN_OBJC_IMPLICIT_RETAIN_SELF = YES;
				CLANG_WARN_OBJC_LITERAL_CONVERSION = YES;
				CLANG_WARN_OBJC_ROOT_CLASS = YES_ERROR;
				CLANG_WARN_QUOTED_INCLUDE_IN_FRAMEWORK_HEADER = YES;
				CLANG_WARN_RANGE_LOOP_ANALYSIS = YES;
				CLANG_WARN_STRICT_PROTOTYPES = YES;
				CLANG_WARN_SUSPICIOUS_MOVE = YES;
				CLANG_WARN_UNGUARDED_AVAILABILITY = YES_AGGRESSIVE;
				CLANG_WARN_UNREACHABLE_CODE = YES;
				CLANG_WARN__DUPLICATE_METHOD_MATCH = YES;
				COPY_PHASE_STRIP = NO;
				DEBUG_INFORMATION_FORMAT = dwarf;
				ENABLE_STRICT_OBJC_MSGSEND = YES;
				ENABLE_TESTABILITY = YES;
				ENABLE_USER_SCRIPT_SANDBOXING = YES;
				GCC_C_LANGUAGE_STANDARD = gnu17;
				GCC_DYNAMIC_NO_PIC = NO;
				GCC_NO_COMMON_BLOCKS = YES;
				GCC_OPTIMIZATION_LEVEL = 0;
				GCC_PREPROCESSOR_DEFINITIONS = (
					"DEBUG=1",
					"$(inherited)",
				);
				GCC_WARN_64_TO_32_BIT_CONVERSION = YES;
				GCC_WARN_ABOUT_RETURN_TYPE = YES_ERROR;
				GCC_WARN_UNDECLARED_SELECTOR = YES;
				GCC_WARN_UNINITIALIZED_AUTOS = YES_AGGRESSIVE;
				GCC_WARN_UNUSED_FUNCTION = YES;
				GCC_WARN_UNUSED_VARIABLE = YES;
				IPHONEOS_DEPLOYMENT_TARGET = 17.4;
				LOCALIZATION_PREFERS_STRING_CATALOGS = YES;
				MTL_ENABLE_DEBUG_INFO = INCLUDE_SOURCE;
				MTL_FAST_MATH = YES;
				ONLY_ACTIVE_ARCH = YES;
				SDKROOT = iphoneos;
				SWIFT_ACTIVE_COMPILATION_CONDITIONS = "DEBUG $(inherited)";
				SWIFT_OPTIMIZATION_LEVEL = "-Onone";
			};
			name = Debug;
		};
		E00EF91A2BF6816B00BB26EF /* Release */ = {
			isa = XCBuildConfiguration;
			buildSettings = {
				ALWAYS_SEARCH_USER_PATHS = NO;
				ASSETCATALOG_COMPILER_GENERATE_SWIFT_ASSET_SYMBOL_EXTENSIONS = YES;
				CLANG_ANALYZER_NONNULL = YES;
				CLANG_ANALYZER_NUMBER_OBJECT_CONVERSION = YES_AGGRESSIVE;
				CLANG_CXX_LANGUAGE_STANDARD = "gnu++20";
				CLANG_ENABLE_MODULES = YES;
				CLANG_ENABLE_OBJC_ARC = YES;
				CLANG_ENABLE_OBJC_WEAK = YES;
				CLANG_WARN_BLOCK_CAPTURE_AUTORELEASING = YES;
				CLANG_WARN_BOOL_CONVERSION = YES;
				CLANG_WARN_COMMA = YES;
				CLANG_WARN_CONSTANT_CONVERSION = YES;
				CLANG_WARN_DEPRECATED_OBJC_IMPLEMENTATIONS = YES;
				CLANG_WARN_DIRECT_OBJC_ISA_USAGE = YES_ERROR;
				CLANG_WARN_DOCUMENTATION_COMMENTS = YES;
				CLANG_WARN_EMPTY_BODY = YES;
				CLANG_WARN_ENUM_CONVERSION = YES;
				CLANG_WARN_INFINITE_RECURSION = YES;
				CLANG_WARN_INT_CONVERSION = YES;
				CLANG_WARN_NON_LITERAL_NULL_CONVERSION = YES;
				CLANG_WARN_OBJC_IMPLICIT_RETAIN_SELF = YES;
				CLANG_WARN_OBJC_LITERAL_CONVERSION = YES;
				CLANG_WARN_OBJC_ROOT_CLASS = YES_ERROR;
				CLANG_WARN_QUOTED_INCLUDE_IN_FRAMEWORK_HEADER = YES;
				CLANG_WARN_RANGE_LOOP_ANALYSIS = YES;
				CLANG_WARN_STRICT_PROTOTYPES = YES;
				CLANG_WARN_SUSPICIOUS_MOVE = YES;
				CLANG_WARN_UNGUARDED_AVAILABILITY = YES_AGGRESSIVE;
				CLANG_WARN_UNREACHABLE_CODE = YES;
				CLANG_WARN__DUPLICATE_METHOD_MATCH = YES;
				COPY_PHASE_STRIP = NO;
				DEBUG_INFORMATION_FORMAT = "dwarf-with-dsym";
				ENABLE_NS_ASSERTIONS = NO;
				ENABLE_STRICT_OBJC_MSGSEND = YES;
				ENABLE_USER_SCRIPT_SANDBOXING = YES;
				GCC_C_LANGUAGE_STANDARD = gnu17;
				GCC_NO_COMMON_BLOCKS = YES;
				GCC_WARN_64_TO_32_BIT_CONVERSION = YES;
				GCC_WARN_ABOUT_RETURN_TYPE = YES_ERROR;
				GCC_WARN_UNDECLARED_SELECTOR = YES;
				GCC_WARN_UNINITIALIZED_AUTOS = YES_AGGRESSIVE;
				GCC_WARN_UNUSED_FUNCTION = YES;
				GCC_WARN_UNUSED_VARIABLE = YES;
				IPHONEOS_DEPLOYMENT_TARGET = 17.4;
				LOCALIZATION_PREFERS_STRING_CATALOGS = YES;
				MTL_ENABLE_DEBUG_INFO = NO;
				MTL_FAST_MATH = YES;
				SDKROOT = iphoneos;
				SWIFT_COMPILATION_MODE = wholemodule;
				VALIDATE_PRODUCT = YES;
			};
			name = Release;
		};
		E00EF91C2BF6816B00BB26EF /* Debug */ = {
			isa = XCBuildConfiguration;
			buildSettings = {
				ASSETCATALOG_COMPILER_APPICON_NAME = AppIcon;
				ASSETCATALOG_COMPILER_GLOBAL_ACCENT_COLOR_NAME = AccentColor;
				CODE_SIGN_STYLE = Automatic;
				CURRENT_PROJECT_VERSION = 1;
				DEVELOPMENT_ASSET_PATHS = "\"Budget-Voyage/Preview Content\"";
				DEVELOPMENT_TEAM = MGX4V5XP6T;
				ENABLE_PREVIEWS = YES;
				GENERATE_INFOPLIST_FILE = YES;
				INFOPLIST_KEY_UIApplicationSceneManifest_Generation = YES;
				INFOPLIST_KEY_UIApplicationSupportsIndirectInputEvents = YES;
				INFOPLIST_KEY_UILaunchScreen_Generation = YES;
				INFOPLIST_KEY_UISupportedInterfaceOrientations = UIInterfaceOrientationPortrait;
				INFOPLIST_KEY_UISupportedInterfaceOrientations_iPad = "UIInterfaceOrientationLandscapeLeft UIInterfaceOrientationLandscapeRight UIInterfaceOrientationPortrait UIInterfaceOrientationPortraitUpsideDown";
				IPHONEOS_DEPLOYMENT_TARGET = 17.0;
				LD_RUNPATH_SEARCH_PATHS = (
					"$(inherited)",
					"@executable_path/Frameworks",
				);
				MARKETING_VERSION = 1.3;
				PRODUCT_BUNDLE_IDENTIFIER = "com.codingcartel.Budget-Voyage";
				PRODUCT_NAME = "$(TARGET_NAME)";
				SWIFT_EMIT_LOC_STRINGS = YES;
				SWIFT_VERSION = 5.0;
				TARGETED_DEVICE_FAMILY = "1,2";
			};
			name = Debug;
		};
		E00EF91D2BF6816B00BB26EF /* Release */ = {
			isa = XCBuildConfiguration;
			buildSettings = {
				ASSETCATALOG_COMPILER_APPICON_NAME = AppIcon;
				ASSETCATALOG_COMPILER_GLOBAL_ACCENT_COLOR_NAME = AccentColor;
				CODE_SIGN_STYLE = Automatic;
				CURRENT_PROJECT_VERSION = 1;
				DEVELOPMENT_ASSET_PATHS = "\"Budget-Voyage/Preview Content\"";
				DEVELOPMENT_TEAM = MGX4V5XP6T;
				ENABLE_PREVIEWS = YES;
				GENERATE_INFOPLIST_FILE = YES;
				INFOPLIST_KEY_UIApplicationSceneManifest_Generation = YES;
				INFOPLIST_KEY_UIApplicationSupportsIndirectInputEvents = YES;
				INFOPLIST_KEY_UILaunchScreen_Generation = YES;
				INFOPLIST_KEY_UISupportedInterfaceOrientations = UIInterfaceOrientationPortrait;
				INFOPLIST_KEY_UISupportedInterfaceOrientations_iPad = "UIInterfaceOrientationLandscapeLeft UIInterfaceOrientationLandscapeRight UIInterfaceOrientationPortrait UIInterfaceOrientationPortraitUpsideDown";
				IPHONEOS_DEPLOYMENT_TARGET = 17.0;
				LD_RUNPATH_SEARCH_PATHS = (
					"$(inherited)",
					"@executable_path/Frameworks",
				);
				MARKETING_VERSION = 1.3;
				PRODUCT_BUNDLE_IDENTIFIER = "com.codingcartel.Budget-Voyage";
				PRODUCT_NAME = "$(TARGET_NAME)";
				SWIFT_EMIT_LOC_STRINGS = YES;
				SWIFT_VERSION = 5.0;
				TARGETED_DEVICE_FAMILY = "1,2";
			};
			name = Release;
		};
/* End XCBuildConfiguration section */

/* Begin XCConfigurationList section */
		E00EF9082BF6816A00BB26EF /* Build configuration list for PBXProject "Budget-Voyage" */ = {
			isa = XCConfigurationList;
			buildConfigurations = (
				E00EF9192BF6816B00BB26EF /* Debug */,
				E00EF91A2BF6816B00BB26EF /* Release */,
			);
			defaultConfigurationIsVisible = 0;
			defaultConfigurationName = Release;
		};
		E00EF91B2BF6816B00BB26EF /* Build configuration list for PBXNativeTarget "Budget-Voyage" */ = {
			isa = XCConfigurationList;
			buildConfigurations = (
				E00EF91C2BF6816B00BB26EF /* Debug */,
				E00EF91D2BF6816B00BB26EF /* Release */,
			);
			defaultConfigurationIsVisible = 0;
			defaultConfigurationName = Release;
		};
/* End XCConfigurationList section */
	};
	rootObject = E00EF9052BF6816A00BB26EF /* Project object */;
}
