// !$*UTF8*$!
{
	archiveVersion = 1;
	classes = {
	};
	objectVersion = 56;
	objects = {

/* Begin PBXBuildFile section */
		161C035D2C00CE56006BFB9F /* Trip.swift in Sources */ = {isa = PBXBuildFile; fileRef = 161C035C2C00CE56006BFB9F /* Trip.swift */; };
		161C035F2C00CFAF006BFB9F /* TripDetailView.swift in Sources */ = {isa = PBXBuildFile; fileRef = 161C035E2C00CFAF006BFB9F /* TripDetailView.swift */; };
		161C03612C00D005006BFB9F /* MainView.swift in Sources */ = {isa = PBXBuildFile; fileRef = 161C03602C00D005006BFB9F /* MainView.swift */; };
		167DE44C2BFE5E7C00BC5BAE /* TripInformationFormView.swift in Sources */ = {isa = PBXBuildFile; fileRef = 167DE44B2BFE5E7C00BC5BAE /* TripInformationFormView.swift */; };
		16E98DAB2BFD1D6500B26405 /* CircularProgressView.swift in Sources */ = {isa = PBXBuildFile; fileRef = 16E98DAA2BFD1D6500B26405 /* CircularProgressView.swift */; };
		E00EF9112BF6816A00BB26EF /* Budget_Voyage.swift in Sources */ = {isa = PBXBuildFile; fileRef = E00EF9102BF6816A00BB26EF /* Budget_Voyage.swift */; };
		E00EF9132BF6816A00BB26EF /* OnBoardingView.swift in Sources */ = {isa = PBXBuildFile; fileRef = E00EF9122BF6816A00BB26EF /* OnBoardingView.swift */; };
		E00EF9152BF6816B00BB26EF /* Assets.xcassets in Resources */ = {isa = PBXBuildFile; fileRef = E00EF9142BF6816B00BB26EF /* Assets.xcassets */; };
		E00EF9182BF6816B00BB26EF /* Preview Assets.xcassets in Resources */ = {isa = PBXBuildFile; fileRef = E00EF9172BF6816B00BB26EF /* Preview Assets.xcassets */; };
		E00EF91F2BF6841100BB26EF /* PageModel.swift in Sources */ = {isa = PBXBuildFile; fileRef = E00EF91E2BF6841100BB26EF /* PageModel.swift */; };
		E00EF9212BF6844500BB26EF /* PageView.swift in Sources */ = {isa = PBXBuildFile; fileRef = E00EF9202BF6844500BB26EF /* PageView.swift */; };
		E00EF9232BF6846E00BB26EF /* SplashScreenView.swift in Sources */ = {isa = PBXBuildFile; fileRef = E00EF9222BF6846E00BB26EF /* SplashScreenView.swift */; };
		E00EF9252BF6848E00BB26EF /* CreateTripView.swift in Sources */ = {isa = PBXBuildFile; fileRef = E00EF9242BF6848E00BB26EF /* CreateTripView.swift */; };
		E00EF9272BF684B400BB26EF /* ListsTripsView.swift in Sources */ = {isa = PBXBuildFile; fileRef = E00EF9262BF684B400BB26EF /* ListsTripsView.swift */; };
		E00EF9292BF684D500BB26EF /* BudgetView.swift in Sources */ = {isa = PBXBuildFile; fileRef = E00EF9282BF684D500BB26EF /* BudgetView.swift */; };
		E00EF92B2BF684F200BB26EF /* TripsView.swift in Sources */ = {isa = PBXBuildFile; fileRef = E00EF92A2BF684F200BB26EF /* TripsView.swift */; };
		E00EF92D2BF6850F00BB26EF /* MainNavigationView.swift in Sources */ = {isa = PBXBuildFile; fileRef = E00EF92C2BF6850F00BB26EF /* MainNavigationView.swift */; };
/* End PBXBuildFile section */

/* Begin PBXFileReference section */
		161C035C2C00CE56006BFB9F /* Trip.swift */ = {isa = PBXFileReference; lastKnownFileType = sourcecode.swift; path = Trip.swift; sourceTree = "<group>"; };
		161C035E2C00CFAF006BFB9F /* TripDetailView.swift */ = {isa = PBXFileReference; lastKnownFileType = sourcecode.swift; path = TripDetailView.swift; sourceTree = "<group>"; };
		161C03602C00D005006BFB9F /* MainView.swift */ = {isa = PBXFileReference; lastKnownFileType = sourcecode.swift; path = MainView.swift; sourceTree = "<group>"; };
		167DE44B2BFE5E7C00BC5BAE /* TripInformationFormView.swift */ = {isa = PBXFileReference; lastKnownFileType = sourcecode.swift; path = TripInformationFormView.swift; sourceTree = "<group>"; };
		16E98DAA2BFD1D6500B26405 /* CircularProgressView.swift */ = {isa = PBXFileReference; lastKnownFileType = sourcecode.swift; path = CircularProgressView.swift; sourceTree = "<group>"; };
		E00EF90D2BF6816A00BB26EF /* Budget-Voyage.app */ = {isa = PBXFileReference; explicitFileType = wrapper.application; includeInIndex = 0; path = "Budget-Voyage.app"; sourceTree = BUILT_PRODUCTS_DIR; };
		E00EF9102BF6816A00BB26EF /* Budget_Voyage.swift */ = {isa = PBXFileReference; lastKnownFileType = sourcecode.swift; path = Budget_Voyage.swift; sourceTree = "<group>"; };
		E00EF9122BF6816A00BB26EF /* OnBoardingView.swift */ = {isa = PBXFileReference; lastKnownFileType = sourcecode.swift; path = OnBoardingView.swift; sourceTree = "<group>"; };
		E00EF9142BF6816B00BB26EF /* Assets.xcassets */ = {isa = PBXFileReference; lastKnownFileType = folder.assetcatalog; path = Assets.xcassets; sourceTree = "<group>"; };
		E00EF9172BF6816B00BB26EF /* Preview Assets.xcassets */ = {isa = PBXFileReference; lastKnownFileType = folder.assetcatalog; path = "Preview Assets.xcassets"; sourceTree = "<group>"; };
		E00EF91E2BF6841100BB26EF /* PageModel.swift */ = {isa = PBXFileReference; lastKnownFileType = sourcecode.swift; path = PageModel.swift; sourceTree = "<group>"; };
		E00EF9202BF6844500BB26EF /* PageView.swift */ = {isa = PBXFileReference; lastKnownFileType = sourcecode.swift; path = PageView.swift; sourceTree = "<group>"; };
		E00EF9222BF6846E00BB26EF /* SplashScreenView.swift */ = {isa = PBXFileReference; lastKnownFileType = sourcecode.swift; path = SplashScreenView.swift; sourceTree = "<group>"; };
		E00EF9242BF6848E00BB26EF /* CreateTripView.swift */ = {isa = PBXFileReference; lastKnownFileType = sourcecode.swift; path = CreateTripView.swift; sourceTree = "<group>"; };
		E00EF9262BF684B400BB26EF /* ListsTripsView.swift */ = {isa = PBXFileReference; lastKnownFileType = sourcecode.swift; path = ListsTripsView.swift; sourceTree = "<group>"; };
		E00EF9282BF684D500BB26EF /* BudgetView.swift */ = {isa = PBXFileReference; lastKnownFileType = sourcecode.swift; path = BudgetView.swift; sourceTree = "<group>"; };
		E00EF92A2BF684F200BB26EF /* TripsView.swift */ = {isa = PBXFileReference; lastKnownFileType = sourcecode.swift; path = TripsView.swift; sourceTree = "<group>"; };
		E00EF92C2BF6850F00BB26EF /* MainNavigationView.swift */ = {isa = PBXFileReference; lastKnownFileType = sourcecode.swift; path = MainNavigationView.swift; sourceTree = "<group>"; };
/* End PBXFileReference section */

/* Begin PBXFrameworksBuildPhase section */
		E00EF90A2BF6816A00BB26EF /* Frameworks */ = {
			isa = PBXFrameworksBuildPhase;
			buildActionMask = 2147483647;
			files = (
			);
			runOnlyForDeploymentPostprocessing = 0;
		};
/* End PBXFrameworksBuildPhase section */

/* Begin PBXGroup section */
		16B786732BF697E70001957D /* Model */ = {
			isa = PBXGroup;
			children = (
				E00EF91E2BF6841100BB26EF /* PageModel.swift */,
				161C035C2C00CE56006BFB9F /* Trip.swift */,
			);
			path = Model;
			sourceTree = "<group>";
		};
		16B786742BF697EF0001957D /* View */ = {
			isa = PBXGroup;
			children = (
				E00EF9222BF6846E00BB26EF /* SplashScreenView.swift */,
				16B786762BF6981D0001957D /* OnBoarding Screens */,
				E00EF9242BF6848E00BB26EF /* CreateTripView.swift */,
				167DE44B2BFE5E7C00BC5BAE /* TripInformationFormView.swift */,
				16E98DAA2BFD1D6500B26405 /* CircularProgressView.swift */,
				161C035E2C00CFAF006BFB9F /* TripDetailView.swift */,
				161C03602C00D005006BFB9F /* MainView.swift */,
			);
			path = View;
			sourceTree = "<group>";
		};
		16B786752BF697F50001957D /* ViewModel */ = {
			isa = PBXGroup;
			children = (
			);
			path = ViewModel;
			sourceTree = "<group>";
		};
		16B786762BF6981D0001957D /* OnBoarding Screens */ = {
			isa = PBXGroup;
			children = (
				E00EF9202BF6844500BB26EF /* PageView.swift */,
				E00EF9122BF6816A00BB26EF /* OnBoardingView.swift */,
			);
			path = "OnBoarding Screens";
			sourceTree = "<group>";
		};
		E00EF9042BF6816A00BB26EF = {
			isa = PBXGroup;
			children = (
				E00EF90F2BF6816A00BB26EF /* Budget-Voyage */,
				E00EF90E2BF6816A00BB26EF /* Products */,
			);
			sourceTree = "<group>";
		};
		E00EF90E2BF6816A00BB26EF /* Products */ = {
			isa = PBXGroup;
			children = (
				E00EF90D2BF6816A00BB26EF /* Budget-Voyage.app */,
			);
			name = Products;
			sourceTree = "<group>";
		};
		E00EF90F2BF6816A00BB26EF /* Budget-Voyage */ = {
			isa = PBXGroup;
			children = (
				E00EF9102BF6816A00BB26EF /* Budget_Voyage.swift */,
				16B786732BF697E70001957D /* Model */,
				16B786742BF697EF0001957D /* View */,
				16B786752BF697F50001957D /* ViewModel */,
				E00EF92C2BF6850F00BB26EF /* MainNavigationView.swift */,
				E00EF9262BF684B400BB26EF /* ListsTripsView.swift */,
				E00EF9282BF684D500BB26EF /* BudgetView.swift */,
				E00EF92A2BF684F200BB26EF /* TripsView.swift */,
				E00EF9142BF6816B00BB26EF /* Assets.xcassets */,
				E00EF9162BF6816B00BB26EF /* Preview Content */,
			);
			path = "Budget-Voyage";
			sourceTree = "<group>";
		};
		E00EF9162BF6816B00BB26EF /* Preview Content */ = {
			isa = PBXGroup;
			children = (
				E00EF9172BF6816B00BB26EF /* Preview Assets.xcassets */,
			);
			path = "Preview Content";
			sourceTree = "<group>";
		};
/* End PBXGroup section */

/* Begin PBXNativeTarget section */
		E00EF90C2BF6816A00BB26EF /* Budget-Voyage */ = {
			isa = PBXNativeTarget;
			buildConfigurationList = E00EF91B2BF6816B00BB26EF /* Build configuration list for PBXNativeTarget "Budget-Voyage" */;
			buildPhases = (
				E00EF9092BF6816A00BB26EF /* Sources */,
				E00EF90A2BF6816A00BB26EF /* Frameworks */,
				E00EF90B2BF6816A00BB26EF /* Resources */,
			);
			buildRules = (
			);
			dependencies = (
			);
			name = "Budget-Voyage";
			productName = "Budget-Voyage";
			productReference = E00EF90D2BF6816A00BB26EF /* Budget-Voyage.app */;
			productType = "com.apple.product-type.application";
		};
/* End PBXNativeTarget section */

/* Begin PBXProject section */
		E00EF9052BF6816A00BB26EF /* Project object */ = {
			isa = PBXProject;
			attributes = {
				BuildIndependentTargetsInParallel = 1;
				LastSwiftUpdateCheck = 1530;
				LastUpgradeCheck = 1530;
				TargetAttributes = {
					E00EF90C2BF6816A00BB26EF = {
						CreatedOnToolsVersion = 15.3;
					};
				};
			};
			buildConfigurationList = E00EF9082BF6816A00BB26EF /* Build configuration list for PBXProject "Budget-Voyage" */;
			compatibilityVersion = "Xcode 14.0";
			developmentRegion = en;
			hasScannedForEncodings = 0;
			knownRegions = (
				en,
				Base,
			);
			mainGroup = E00EF9042BF6816A00BB26EF;
			productRefGroup = E00EF90E2BF6816A00BB26EF /* Products */;
			projectDirPath = "";
			projectRoot = "";
			targets = (
				E00EF90C2BF6816A00BB26EF /* Budget-Voyage */,
			);
		};
/* End PBXProject section */

/* Begin PBXResourcesBuildPhase section */
		E00EF90B2BF6816A00BB26EF /* Resources */ = {
			isa = PBXResourcesBuildPhase;
			buildActionMask = 2147483647;
			files = (
				E00EF9182BF6816B00BB26EF /* Preview Assets.xcassets in Resources */,
				E00EF9152BF6816B00BB26EF /* Assets.xcassets in Resources */,
			);
			runOnlyForDeploymentPostprocessing = 0;
		};
/* End PBXResourcesBuildPhase section */

/* Begin PBXSourcesBuildPhase section */
		E00EF9092BF6816A00BB26EF /* Sources */ = {
			isa = PBXSourcesBuildPhase;
			buildActionMask = 2147483647;
			files = (
				161C035F2C00CFAF006BFB9F /* TripDetailView.swift in Sources */,
				E00EF92B2BF684F200BB26EF /* TripsView.swift in Sources */,
				E00EF9132BF6816A00BB26EF /* OnBoardingView.swift in Sources */,
				E00EF9292BF684D500BB26EF /* BudgetView.swift in Sources */,
				E00EF92D2BF6850F00BB26EF /* MainNavigationView.swift in Sources */,
				167DE44C2BFE5E7C00BC5BAE /* TripInformationFormView.swift in Sources */,
				E00EF9212BF6844500BB26EF /* PageView.swift in Sources */,
				E00EF9232BF6846E00BB26EF /* SplashScreenView.swift in Sources */,
				161C035D2C00CE56006BFB9F /* Trip.swift in Sources */,
				E00EF9252BF6848E00BB26EF /* CreateTripView.swift in Sources */,
				E00EF9272BF684B400BB26EF /* ListsTripsView.swift in Sources */,
				E00EF91F2BF6841100BB26EF /* PageModel.swift in Sources */,
				E00EF9112BF6816A00BB26EF /* Budget_Voyage.swift in Sources */,
				161C03612C00D005006BFB9F /* MainView.swift in Sources */,
				16E98DAB2BFD1D6500B26405 /* CircularProgressView.swift in Sources */,
			);
			runOnlyForDeploymentPostprocessing = 0;
		};
/* End PBXSourcesBuildPhase section */

/* Begin XCBuildConfiguration section */
		E00EF9192BF6816B00BB26EF /* Debug */ = {
			isa = XCBuildConfiguration;
			buildSettings = {
				ALWAYS_SEARCH_USER_PATHS = NO;
				ASSETCATALOG_COMPILER_GENERATE_SWIFT_ASSET_SYMBOL_EXTENSIONS = YES;
				CLANG_ANALYZER_NONNULL = YES;
				CLANG_ANALYZER_NUMBER_OBJECT_CONVERSION = YES_AGGRESSIVE;
				CLANG_CXX_LANGUAGE_STANDARD = "gnu++20";
				CLANG_ENABLE_MODULES = YES;
				CLANG_ENABLE_OBJC_ARC = YES;
				CLANG_ENABLE_OBJC_WEAK = YES;
				CLANG_WARN_BLOCK_CAPTURE_AUTORELEASING = YES;
				CLANG_WARN_BOOL_CONVERSION = YES;
				CLANG_WARN_COMMA = YES;
				CLANG_WARN_CONSTANT_CONVERSION = YES;
				CLANG_WARN_DEPRECATED_OBJC_IMPLEMENTATIONS = YES;
				CLANG_WARN_DIRECT_OBJC_ISA_USAGE = YES_ERROR;
				CLANG_WARN_DOCUMENTATION_COMMENTS = YES;
				CLANG_WARN_EMPTY_BODY = YES;
				CLANG_WARN_ENUM_CONVERSION = YES;
				CLANG_WARN_INFINITE_RECURSION = YES;
				CLANG_WARN_INT_CONVERSION = YES;
				CLANG_WARN_NON_LITERAL_NULL_CONVERSION = YES;
				CLANG_WARN_OBJC_IMPLICIT_RETAIN_SELF = YES;
				CLANG_WARN_OBJC_LITERAL_CONVERSION = YES;
				CLANG_WARN_OBJC_ROOT_CLASS = YES_ERROR;
				CLANG_WARN_QUOTED_INCLUDE_IN_FRAMEWORK_HEADER = YES;
				CLANG_WARN_RANGE_LOOP_ANALYSIS = YES;
				CLANG_WARN_STRICT_PROTOTYPES = YES;
				CLANG_WARN_SUSPICIOUS_MOVE = YES;
				CLANG_WARN_UNGUARDED_AVAILABILITY = YES_AGGRESSIVE;
				CLANG_WARN_UNREACHABLE_CODE = YES;
				CLANG_WARN__DUPLICATE_METHOD_MATCH = YES;
				COPY_PHASE_STRIP = NO;
				DEBUG_INFORMATION_FORMAT = dwarf;
				ENABLE_STRICT_OBJC_MSGSEND = YES;
				ENABLE_TESTABILITY = YES;
				ENABLE_USER_SCRIPT_SANDBOXING = YES;
				GCC_C_LANGUAGE_STANDARD = gnu17;
				GCC_DYNAMIC_NO_PIC = NO;
				GCC_NO_COMMON_BLOCKS = YES;
				GCC_OPTIMIZATION_LEVEL = 0;
				GCC_PREPROCESSOR_DEFINITIONS = (
					"DEBUG=1",
					"$(inherited)",
				);
				GCC_WARN_64_TO_32_BIT_CONVERSION = YES;
				GCC_WARN_ABOUT_RETURN_TYPE = YES_ERROR;
				GCC_WARN_UNDECLARED_SELECTOR = YES;
				GCC_WARN_UNINITIALIZED_AUTOS = YES_AGGRESSIVE;
				GCC_WARN_UNUSED_FUNCTION = YES;
				GCC_WARN_UNUSED_VARIABLE = YES;
				IPHONEOS_DEPLOYMENT_TARGET = 17.4;
				LOCALIZATION_PREFERS_STRING_CATALOGS = YES;
				MTL_ENABLE_DEBUG_INFO = INCLUDE_SOURCE;
				MTL_FAST_MATH = YES;
				ONLY_ACTIVE_ARCH = YES;
				SDKROOT = iphoneos;
				SWIFT_ACTIVE_COMPILATION_CONDITIONS = "DEBUG $(inherited)";
				SWIFT_OPTIMIZATION_LEVEL = "-Onone";
			};
			name = Debug;
		};
		E00EF91A2BF6816B00BB26EF /* Release */ = {
			isa = XCBuildConfiguration;
			buildSettings = {
				ALWAYS_SEARCH_USER_PATHS = NO;
				ASSETCATALOG_COMPILER_GENERATE_SWIFT_ASSET_SYMBOL_EXTENSIONS = YES;
				CLANG_ANALYZER_NONNULL = YES;
				CLANG_ANALYZER_NUMBER_OBJECT_CONVERSION = YES_AGGRESSIVE;
				CLANG_CXX_LANGUAGE_STANDARD = "gnu++20";
				CLANG_ENABLE_MODULES = YES;
				CLANG_ENABLE_OBJC_ARC = YES;
				CLANG_ENABLE_OBJC_WEAK = YES;
				CLANG_WARN_BLOCK_CAPTURE_AUTORELEASING = YES;
				CLANG_WARN_BOOL_CONVERSION = YES;
				CLANG_WARN_COMMA = YES;
				CLANG_WARN_CONSTANT_CONVERSION = YES;
				CLANG_WARN_DEPRECATED_OBJC_IMPLEMENTATIONS = YES;
				CLANG_WARN_DIRECT_OBJC_ISA_USAGE = YES_ERROR;
				CLANG_WARN_DOCUMENTATION_COMMENTS = YES;
				CLANG_WARN_EMPTY_BODY = YES;
				CLANG_WARN_ENUM_CONVERSION = YES;
				CLANG_WARN_INFINITE_RECURSION = YES;
				CLANG_WARN_INT_CONVERSION = YES;
				CLANG_WARN_NON_LITERAL_NULL_CONVERSION = YES;
				CLANG_WARN_OBJC_IMPLICIT_RETAIN_SELF = YES;
				CLANG_WARN_OBJC_LITERAL_CONVERSION = YES;
				CLANG_WARN_OBJC_ROOT_CLASS = YES_ERROR;
				CLANG_WARN_QUOTED_INCLUDE_IN_FRAMEWORK_HEADER = YES;
				CLANG_WARN_RANGE_LOOP_ANALYSIS = YES;
				CLANG_WARN_STRICT_PROTOTYPES = YES;
				CLANG_WARN_SUSPICIOUS_MOVE = YES;
				CLANG_WARN_UNGUARDED_AVAILABILITY = YES_AGGRESSIVE;
				CLANG_WARN_UNREACHABLE_CODE = YES;
				CLANG_WARN__DUPLICATE_METHOD_MATCH = YES;
				COPY_PHASE_STRIP = NO;
				DEBUG_INFORMATION_FORMAT = "dwarf-with-dsym";
				ENABLE_NS_ASSERTIONS = NO;
				ENABLE_STRICT_OBJC_MSGSEND = YES;
				ENABLE_USER_SCRIPT_SANDBOXING = YES;
				GCC_C_LANGUAGE_STANDARD = gnu17;
				GCC_NO_COMMON_BLOCKS = YES;
				GCC_WARN_64_TO_32_BIT_CONVERSION = YES;
				GCC_WARN_ABOUT_RETURN_TYPE = YES_ERROR;
				GCC_WARN_UNDECLARED_SELECTOR = YES;
				GCC_WARN_UNINITIALIZED_AUTOS = YES_AGGRESSIVE;
				GCC_WARN_UNUSED_FUNCTION = YES;
				GCC_WARN_UNUSED_VARIABLE = YES;
				IPHONEOS_DEPLOYMENT_TARGET = 17.4;
				LOCALIZATION_PREFERS_STRING_CATALOGS = YES;
				MTL_ENABLE_DEBUG_INFO = NO;
				MTL_FAST_MATH = YES;
				SDKROOT = iphoneos;
				SWIFT_COMPILATION_MODE = wholemodule;
				VALIDATE_PRODUCT = YES;
			};
			name = Release;
		};
		E00EF91C2BF6816B00BB26EF /* Debug */ = {
			isa = XCBuildConfiguration;
			buildSettings = {
				ASSETCATALOG_COMPILER_APPICON_NAME = AppIcon;
				ASSETCATALOG_COMPILER_GLOBAL_ACCENT_COLOR_NAME = AccentColor;
				CODE_SIGN_STYLE = Automatic;
				CURRENT_PROJECT_VERSION = 1;
				DEVELOPMENT_ASSET_PATHS = "\"Budget-Voyage/Preview Content\"";
				DEVELOPMENT_TEAM = MGX4V5XP6T;
				ENABLE_PREVIEWS = YES;
				GENERATE_INFOPLIST_FILE = YES;
				INFOPLIST_KEY_UIApplicationSceneManifest_Generation = YES;
				INFOPLIST_KEY_UIApplicationSupportsIndirectInputEvents = YES;
				INFOPLIST_KEY_UILaunchScreen_Generation = YES;
				INFOPLIST_KEY_UISupportedInterfaceOrientations_iPad = "UIInterfaceOrientationPortrait UIInterfaceOrientationPortraitUpsideDown UIInterfaceOrientationLandscapeLeft UIInterfaceOrientationLandscapeRight";
				INFOPLIST_KEY_UISupportedInterfaceOrientations_iPhone = "UIInterfaceOrientationPortrait UIInterfaceOrientationLandscapeLeft UIInterfaceOrientationLandscapeRight";
				LD_RUNPATH_SEARCH_PATHS = (
					"$(inherited)",
					"@executable_path/Frameworks",
				);
				MARKETING_VERSION = 1.0;
				PRODUCT_BUNDLE_IDENTIFIER = "com.codingcartel.Budget-Voyage";
				PRODUCT_NAME = "$(TARGET_NAME)";
				SWIFT_EMIT_LOC_STRINGS = YES;
				SWIFT_VERSION = 5.0;
				TARGETED_DEVICE_FAMILY = "1,2";
			};
			name = Debug;
		};
		E00EF91D2BF6816B00BB26EF /* Release */ = {
			isa = XCBuildConfiguration;
			buildSettings = {
				ASSETCATALOG_COMPILER_APPICON_NAME = AppIcon;
				ASSETCATALOG_COMPILER_GLOBAL_ACCENT_COLOR_NAME = AccentColor;
				CODE_SIGN_STYLE = Automatic;
				CURRENT_PROJECT_VERSION = 1;
				DEVELOPMENT_ASSET_PATHS = "\"Budget-Voyage/Preview Content\"";
				DEVELOPMENT_TEAM = MGX4V5XP6T;
				ENABLE_PREVIEWS = YES;
				GENERATE_INFOPLIST_FILE = YES;
				INFOPLIST_KEY_UIApplicationSceneManifest_Generation = YES;
				INFOPLIST_KEY_UIApplicationSupportsIndirectInputEvents = YES;
				INFOPLIST_KEY_UILaunchScreen_Generation = YES;
				INFOPLIST_KEY_UISupportedInterfaceOrientations_iPad = "UIInterfaceOrientationPortrait UIInterfaceOrientationPortraitUpsideDown UIInterfaceOrientationLandscapeLeft UIInterfaceOrientationLandscapeRight";
				INFOPLIST_KEY_UISupportedInterfaceOrientations_iPhone = "UIInterfaceOrientationPortrait UIInterfaceOrientationLandscapeLeft UIInterfaceOrientationLandscapeRight";
				LD_RUNPATH_SEARCH_PATHS = (
					"$(inherited)",
					"@executable_path/Frameworks",
				);
				MARKETING_VERSION = 1.0;
				PRODUCT_BUNDLE_IDENTIFIER = "com.codingcartel.Budget-Voyage";
				PRODUCT_NAME = "$(TARGET_NAME)";
				SWIFT_EMIT_LOC_STRINGS = YES;
				SWIFT_VERSION = 5.0;
				TARGETED_DEVICE_FAMILY = "1,2";
			};
			name = Release;
		};
/* End XCBuildConfiguration section */

/* Begin XCConfigurationList section */
		E00EF9082BF6816A00BB26EF /* Build configuration list for PBXProject "Budget-Voyage" */ = {
			isa = XCConfigurationList;
			buildConfigurations = (
				E00EF9192BF6816B00BB26EF /* Debug */,
				E00EF91A2BF6816B00BB26EF /* Release */,
			);
			defaultConfigurationIsVisible = 0;
			defaultConfigurationName = Release;
		};
		E00EF91B2BF6816B00BB26EF /* Build configuration list for PBXNativeTarget "Budget-Voyage" */ = {
			isa = XCConfigurationList;
			buildConfigurations = (
				E00EF91C2BF6816B00BB26EF /* Debug */,
				E00EF91D2BF6816B00BB26EF /* Release */,
			);
			defaultConfigurationIsVisible = 0;
			defaultConfigurationName = Release;
		};
/* End XCConfigurationList section */
	};
	rootObject = E00EF9052BF6816A00BB26EF /* Project object */;
}
